
Microsoft Visual Studio Solution File, Format Version 12.00
# Visual Studio Version 17
VisualStudioVersion = 17.6.33712.159
MinimumVisualStudioVersion = 10.0.40219.1
Project("{8BC9CEB8-8B4A-11D0-8D11-00A0C91BC942}") = "Conditional Linear Unit", "Conditional Linear Unit\Conditional Linear Unit.vcxproj", "{76B56B8C-7C30-4562-A03B-35A9F36E82C2}"
EndProject
Global
	GlobalSection(SolutionConfigurationPlatforms) = preSolution
		Debug|x64 = Debug|x64
		Debug|x86 = Debug|x86
		Release|x64 = Release|x64
		Release|x86 = Release|x86
	EndGlobalSection
	GlobalSection(ProjectConfigurationPlatforms) = postSolution
		{76B56B8C-7C30-4562-A03B-35A9F36E82C2}.Debug|x64.ActiveCfg = Debug|x64
		{76B56B8C-7C30-4562-A03B-35A9F36E82C2}.Debug|x64.Build.0 = Debug|x64
		{76B56B8C-7C30-4562-A03B-35A9F36E82C2}.Debug|x86.ActiveCfg = Debug|Win32
		{76B56B8C-7C30-4562-A03B-35A9F36E82C2}.Debug|x86.Build.0 = Debug|Win32
		{76B56B8C-7C30-4562-A03B-35A9F36E82C2}.Release|x64.ActiveCfg = Release|x64
		{76B56B8C-7C30-4562-A03B-35A9F36E82C2}.Release|x64.Build.0 = Release|x64
		{76B56B8C-7C30-4562-A03B-35A9F36E82C2}.Release|x86.ActiveCfg = Release|Win32
		{76B56B8C-7C30-4562-A03B-35A9F36E82C2}.Release|x86.Build.0 = Release|Win32
	EndGlobalSection
	GlobalSection(SolutionProperties) = preSolution
		HideSolutionNode = FALSE
	EndGlobalSection
	GlobalSection(ExtensibilityGlobals) = postSolution
		SolutionGuid = {3A949D84-B5C4-4010-9EC3-8C9174B2E9CF}
	EndGlobalSection
EndGlobal
